
Microsoft Visual Studio Solution File, Format Version 12.00
# Visual Studio 15
VisualStudioVersion = 15.0.28307.489
MinimumVisualStudioVersion = 10.0.40219.1
Project("{FAE04EC0-301F-11D3-BF4B-00C04F79EFBC}") = "FileUpload_With_Mvc", "FileUpload_With_Mvc\FileUpload_With_Mvc.csproj", "{4B0DB236-2EB5-41FA-83A5-27A05C516519}"
EndProject
Global
	GlobalSection(SolutionConfigurationPlatforms) = preSolution
		Debug|Any CPU = Debug|Any CPU
		Release|Any CPU = Release|Any CPU
	EndGlobalSection
	GlobalSection(ProjectConfigurationPlatforms) = postSolution
		{4B0DB236-2EB5-41FA-83A5-27A05C516519}.Debug|Any CPU.ActiveCfg = Debug|Any CPU
		{4B0DB236-2EB5-41FA-83A5-27A05C516519}.Debug|Any CPU.Build.0 = Debug|Any CPU
		{4B0DB236-2EB5-41FA-83A5-27A05C516519}.Release|Any CPU.ActiveCfg = Release|Any CPU
		{4B0DB236-2EB5-41FA-83A5-27A05C516519}.Release|Any CPU.Build.0 = Release|Any CPU
	EndGlobalSection
	GlobalSection(SolutionProperties) = preSolution
		HideSolutionNode = FALSE
	EndGlobalSection
	GlobalSection(ExtensibilityGlobals) = postSolution
		SolutionGuid = {8F978AD9-73E4-4308-A9CE-B8FB1127DDDC}
	EndGlobalSection
EndGlobal
